
Microsoft Visual Studio Solution File, Format Version 12.00
# Visual Studio Version 16
VisualStudioVersion = 16.0.33027.164
MinimumVisualStudioVersion = 10.0.40219.1
Project("{8BC9CEB8-8B4A-11D0-8D11-00A0C91BC942}") = "HomeWorldRMDll", "HomeWorldRMDll\HomeWorldRMDll.vcxproj", "{1D2E3A7A-E866-473B-BFD5-116EC51DB0AE}"
EndProject
Project("{8BC9CEB8-8B4A-11D0-8D11-00A0C91BC942}") = "HomeWorldRM", "HomeWorldRM\HomeWorldRM.vcxproj", "{D90565D7-84CD-40C5-B8B3-341D2DA5ACB1}"
	ProjectSection(ProjectDependencies) = postProject
		{1D2E3A7A-E866-473B-BFD5-116EC51DB0AE} = {1D2E3A7A-E866-473B-BFD5-116EC51DB0AE}
	EndProjectSection
EndProject
Global
	GlobalSection(SolutionConfigurationPlatforms) = preSolution
		Debug|x64 = Debug|x64
		Debug|x86 = Debug|x86
		Release|x64 = Release|x64
		Release|x86 = Release|x86
	EndGlobalSection
	GlobalSection(ProjectConfigurationPlatforms) = postSolution
		{1D2E3A7A-E866-473B-BFD5-116EC51DB0AE}.Debug|x64.ActiveCfg = Debug|x64
		{1D2E3A7A-E866-473B-BFD5-116EC51DB0AE}.Debug|x64.Build.0 = Debug|x64
		{1D2E3A7A-E866-473B-BFD5-116EC51DB0AE}.Debug|x86.ActiveCfg = Debug|Win32
		{1D2E3A7A-E866-473B-BFD5-116EC51DB0AE}.Debug|x86.Build.0 = Debug|Win32
		{1D2E3A7A-E866-473B-BFD5-116EC51DB0AE}.Release|x64.ActiveCfg = Release|x64
		{1D2E3A7A-E866-473B-BFD5-116EC51DB0AE}.Release|x64.Build.0 = Release|x64
		{1D2E3A7A-E866-473B-BFD5-116EC51DB0AE}.Release|x86.ActiveCfg = Release|Win32
		{1D2E3A7A-E866-473B-BFD5-116EC51DB0AE}.Release|x86.Build.0 = Release|Win32
		{D90565D7-84CD-40C5-B8B3-341D2DA5ACB1}.Debug|x64.ActiveCfg = Debug|x64
		{D90565D7-84CD-40C5-B8B3-341D2DA5ACB1}.Debug|x64.Build.0 = Debug|x64
		{D90565D7-84CD-40C5-B8B3-341D2DA5ACB1}.Debug|x86.ActiveCfg = Debug|Win32
		{D90565D7-84CD-40C5-B8B3-341D2DA5ACB1}.Debug|x86.Build.0 = Debug|Win32
		{D90565D7-84CD-40C5-B8B3-341D2DA5ACB1}.Release|x64.ActiveCfg = Release|x64
		{D90565D7-84CD-40C5-B8B3-341D2DA5ACB1}.Release|x64.Build.0 = Release|x64
		{D90565D7-84CD-40C5-B8B3-341D2DA5ACB1}.Release|x86.ActiveCfg = Release|Win32
		{D90565D7-84CD-40C5-B8B3-341D2DA5ACB1}.Release|x86.Build.0 = Release|Win32
	EndGlobalSection
	GlobalSection(SolutionProperties) = preSolution
		HideSolutionNode = FALSE
	EndGlobalSection
	GlobalSection(ExtensibilityGlobals) = postSolution
		SolutionGuid = {8F81451B-B125-4841-8476-487B7B0F56A4}
	EndGlobalSection
EndGlobal
