
Microsoft Visual Studio Solution File, Format Version 12.00
# Visual Studio Version 16
VisualStudioVersion = 16.0.32929.386
MinimumVisualStudioVersion = 10.0.40219.1
Project("{8BC9CEB8-8B4A-11D0-8D11-00A0C91BC942}") = "Torchlight2", "Torchlight2\Torchlight2.vcxproj", "{C3B64832-EF60-4A2A-9E9E-7E030D1D5FDA}"
EndProject
Project("{8BC9CEB8-8B4A-11D0-8D11-00A0C91BC942}") = "Injector", "Injector\Injector.vcxproj", "{A5736672-E55D-49B0-9887-A40E5026FC8A}"
EndProject
Global
	GlobalSection(SolutionConfigurationPlatforms) = preSolution
		Debug|x64 = Debug|x64
		Debug|x86 = Debug|x86
		Release|x64 = Release|x64
		Release|x86 = Release|x86
	EndGlobalSection
	GlobalSection(ProjectConfigurationPlatforms) = postSolution
		{C3B64832-EF60-4A2A-9E9E-7E030D1D5FDA}.Debug|x64.ActiveCfg = Debug|x64
		{C3B64832-EF60-4A2A-9E9E-7E030D1D5FDA}.Debug|x64.Build.0 = Debug|x64
		{C3B64832-EF60-4A2A-9E9E-7E030D1D5FDA}.Debug|x86.ActiveCfg = Debug|Win32
		{C3B64832-EF60-4A2A-9E9E-7E030D1D5FDA}.Debug|x86.Build.0 = Debug|Win32
		{C3B64832-EF60-4A2A-9E9E-7E030D1D5FDA}.Release|x64.ActiveCfg = Release|x64
		{C3B64832-EF60-4A2A-9E9E-7E030D1D5FDA}.Release|x64.Build.0 = Release|x64
		{C3B64832-EF60-4A2A-9E9E-7E030D1D5FDA}.Release|x86.ActiveCfg = Release|Win32
		{C3B64832-EF60-4A2A-9E9E-7E030D1D5FDA}.Release|x86.Build.0 = Release|Win32
		{A5736672-E55D-49B0-9887-A40E5026FC8A}.Debug|x64.ActiveCfg = Debug|x64
		{A5736672-E55D-49B0-9887-A40E5026FC8A}.Debug|x64.Build.0 = Debug|x64
		{A5736672-E55D-49B0-9887-A40E5026FC8A}.Debug|x86.ActiveCfg = Debug|Win32
		{A5736672-E55D-49B0-9887-A40E5026FC8A}.Debug|x86.Build.0 = Debug|Win32
		{A5736672-E55D-49B0-9887-A40E5026FC8A}.Release|x64.ActiveCfg = Release|x64
		{A5736672-E55D-49B0-9887-A40E5026FC8A}.Release|x64.Build.0 = Release|x64
		{A5736672-E55D-49B0-9887-A40E5026FC8A}.Release|x86.ActiveCfg = Release|Win32
		{A5736672-E55D-49B0-9887-A40E5026FC8A}.Release|x86.Build.0 = Release|Win32
	EndGlobalSection
	GlobalSection(SolutionProperties) = preSolution
		HideSolutionNode = FALSE
	EndGlobalSection
	GlobalSection(ExtensibilityGlobals) = postSolution
		SolutionGuid = {8EA665ED-596D-44D6-BCDC-BE40358BF209}
	EndGlobalSection
EndGlobal
